
Microsoft Visual Studio Solution File, Format Version 11.00
# Visual Studio 2010
Project("{FAE04EC0-301F-11D3-BF4B-00C04F79EFBC}") = "Assembly-CSharp", "Assembly-CSharp.csproj", "{EC1B5B3D-BFED-8D7C-F607-03F7E573347A}"
EndProject
Project("{FAE04EC0-301F-11D3-BF4B-00C04F79EFBC}") = "Assembly-CSharp-Editor", "Assembly-CSharp-Editor.csproj", "{F201A1C0-C38E-2465-7544-1CFE39CB27CA}"
EndProject
Global
	GlobalSection(SolutionConfigurationPlatforms) = preSolution
		Debug|Any CPU = Debug|Any CPU
		Release|Any CPU = Release|Any CPU
	EndGlobalSection
	GlobalSection(ProjectConfigurationPlatforms) = postSolution
		{EC1B5B3D-BFED-8D7C-F607-03F7E573347A}.Debug|Any CPU.ActiveCfg = Debug|Any CPU
		{EC1B5B3D-BFED-8D7C-F607-03F7E573347A}.Debug|Any CPU.Build.0 = Debug|Any CPU
		{EC1B5B3D-BFED-8D7C-F607-03F7E573347A}.Release|Any CPU.ActiveCfg = Release|Any CPU
		{EC1B5B3D-BFED-8D7C-F607-03F7E573347A}.Release|Any CPU.Build.0 = Release|Any CPU
		{F201A1C0-C38E-2465-7544-1CFE39CB27CA}.Debug|Any CPU.ActiveCfg = Debug|Any CPU
		{F201A1C0-C38E-2465-7544-1CFE39CB27CA}.Debug|Any CPU.Build.0 = Debug|Any CPU
		{F201A1C0-C38E-2465-7544-1CFE39CB27CA}.Release|Any CPU.ActiveCfg = Release|Any CPU
		{F201A1C0-C38E-2465-7544-1CFE39CB27CA}.Release|Any CPU.Build.0 = Release|Any CPU
	EndGlobalSection
	GlobalSection(SolutionProperties) = preSolution
		HideSolutionNode = FALSE
	EndGlobalSection
EndGlobal
